// !$*UTF8*$!
{
	archiveVersion = 1;
	classes = {
	};
	objectVersion = 46;
	objects = {

/* Begin PBXBuildFile section */
		8F4AACA31EFE91EF0036A526 /* AppDelegate.swift in Sources */ = {isa = PBXBuildFile; fileRef = 8F4AACA21EFE91EF0036A526 /* AppDelegate.swift */; };
		8F4AACA51EFE91EF0036A526 /* ViewController.swift in Sources */ = {isa = PBXBuildFile; fileRef = 8F4AACA41EFE91EF0036A526 /* ViewController.swift */; };
		8F4AACA81EFE91EF0036A526 /* Main.storyboard in Resources */ = {isa = PBXBuildFile; fileRef = 8F4AACA61EFE91EF0036A526 /* Main.storyboard */; };
		8F4AACAA1EFE91EF0036A526 /* Assets.xcassets in Resources */ = {isa = PBXBuildFile; fileRef = 8F4AACA91EFE91EF0036A526 /* Assets.xcassets */; };
		8F4AACAD1EFE91EF0036A526 /* LaunchScreen.storyboard in Resources */ = {isa = PBXBuildFile; fileRef = 8F4AACAB1EFE91EF0036A526 /* LaunchScreen.storyboard */; };
		8F4AACB81EFE91EF0036A526 /* LBTATwitterTutorialTests.swift in Sources */ = {isa = PBXBuildFile; fileRef = 8F4AACB71EFE91EF0036A526 /* LBTATwitterTutorialTests.swift */; };
		8F4AACC51EFE92F60036A526 /* README.md in Sources */ = {isa = PBXBuildFile; fileRef = 8F4AACC41EFE92F60036A526 /* README.md */; };
/* End PBXBuildFile section */

/* Begin PBXContainerItemProxy section */
		8F4AACB41EFE91EF0036A526 /* PBXContainerItemProxy */ = {
			isa = PBXContainerItemProxy;
			containerPortal = 8F4AAC971EFE91EF0036A526 /* Project object */;
			proxyType = 1;
			remoteGlobalIDString = 8F4AAC9E1EFE91EF0036A526;
			remoteInfo = LBTATwitterTutorial;
		};
/* End PBXContainerItemProxy section */

/* Begin PBXFileReference section */
		8F4AAC9F1EFE91EF0036A526 /* LBTATwitterTutorial.app */ = {isa = PBXFileReference; explicitFileType = wrapper.application; includeInIndex = 0; path = LBTATwitterTutorial.app; sourceTree = BUILT_PRODUCTS_DIR; };
		8F4AACA21EFE91EF0036A526 /* AppDelegate.swift */ = {isa = PBXFileReference; lastKnownFileType = sourcecode.swift; path = AppDelegate.swift; sourceTree = "<group>"; };
		8F4AACA41EFE91EF0036A526 /* ViewController.swift */ = {isa = PBXFileReference; lastKnownFileType = sourcecode.swift; path = ViewController.swift; sourceTree = "<group>"; };
		8F4AACA71EFE91EF0036A526 /* Base */ = {isa = PBXFileReference; lastKnownFileType = file.storyboard; name = Base; path = Base.lproj/Main.storyboard; sourceTree = "<group>"; };
		8F4AACA91EFE91EF0036A526 /* Assets.xcassets */ = {isa = PBXFileReference; lastKnownFileType = folder.assetcatalog; path = Assets.xcassets; sourceTree = "<group>"; };
		8F4AACAC1EFE91EF0036A526 /* Base */ = {isa = PBXFileReference; lastKnownFileType = file.storyboard; name = Base; path = Base.lproj/LaunchScreen.storyboard; sourceTree = "<group>"; };
		8F4AACAE1EFE91EF0036A526 /* Info.plist */ = {isa = PBXFileReference; lastKnownFileType = text.plist.xml; path = Info.plist; sourceTree = "<group>"; };
		8F4AACB31EFE91EF0036A526 /* LBTATwitterTutorialTests.xctest */ = {isa = PBXFileReference; explicitFileType = wrapper.cfbundle; includeInIndex = 0; path = LBTATwitterTutorialTests.xctest; sourceTree = BUILT_PRODUCTS_DIR; };
		8F4AACB71EFE91EF0036A526 /* LBTATwitterTutorialTests.swift */ = {isa = PBXFileReference; lastKnownFileType = sourcecode.swift; path = LBTATwitterTutorialTests.swift; sourceTree = "<group>"; };
		8F4AACB91EFE91EF0036A526 /* Info.plist */ = {isa = PBXFileReference; lastKnownFileType = text.plist.xml; path = Info.plist; sourceTree = "<group>"; };
		8F4AACC41EFE92F60036A526 /* README.md */ = {isa = PBXFileReference; fileEncoding = 4; lastKnownFileType = net.daringfireball.markdown; path = README.md; sourceTree = "<group>"; };
/* End PBXFileReference section */

/* Begin PBXFrameworksBuildPhase section */
		8F4AAC9C1EFE91EF0036A526 /* Frameworks */ = {
			isa = PBXFrameworksBuildPhase;
			buildActionMask = 2147483647;
			files = (
			);
			runOnlyForDeploymentPostprocessing = 0;
		};
		8F4AACB01EFE91EF0036A526 /* Frameworks */ = {
			isa = PBXFrameworksBuildPhase;
			buildActionMask = 2147483647;
			files = (
			);
			runOnlyForDeploymentPostprocessing = 0;
		};
/* End PBXFrameworksBuildPhase section */

/* Begin PBXGroup section */
		8F4AAC961EFE91EF0036A526 = {
			isa = PBXGroup;
			children = (
				8F4AACC41EFE92F60036A526 /* README.md */,
				8F4AACA11EFE91EF0036A526 /* LBTATwitterTutorial */,
				8F4AACB61EFE91EF0036A526 /* LBTATwitterTutorialTests */,
				8F4AACA01EFE91EF0036A526 /* Products */,
			);
			sourceTree = "<group>";
		};
		8F4AACA01EFE91EF0036A526 /* Products */ = {
			isa = PBXGroup;
			children = (
				8F4AAC9F1EFE91EF0036A526 /* LBTATwitterTutorial.app */,
				8F4AACB31EFE91EF0036A526 /* LBTATwitterTutorialTests.xctest */,
			);
			name = Products;
			sourceTree = "<group>";
		};
		8F4AACA11EFE91EF0036A526 /* LBTATwitterTutorial */ = {
			isa = PBXGroup;
			children = (
				8F4AACA21EFE91EF0036A526 /* AppDelegate.swift */,
				8F4AACA41EFE91EF0036A526 /* ViewController.swift */,
				8F4AACA61EFE91EF0036A526 /* Main.storyboard */,
				8F4AACA91EFE91EF0036A526 /* Assets.xcassets */,
				8F4AACAB1EFE91EF0036A526 /* LaunchScreen.storyboard */,
				8F4AACAE1EFE91EF0036A526 /* Info.plist */,
			);
			path = LBTATwitterTutorial;
			sourceTree = "<group>";
		};
		8F4AACB61EFE91EF0036A526 /* LBTATwitterTutorialTests */ = {
			isa = PBXGroup;
			children = (
				8F4AACB71EFE91EF0036A526 /* LBTATwitterTutorialTests.swift */,
				8F4AACB91EFE91EF0036A526 /* Info.plist */,
			);
			path = LBTATwitterTutorialTests;
			sourceTree = "<group>";
		};
/* End PBXGroup section */

/* Begin PBXNativeTarget section */
		8F4AAC9E1EFE91EF0036A526 /* LBTATwitterTutorial */ = {
			isa = PBXNativeTarget;
			buildConfigurationList = 8F4AACBC1EFE91EF0036A526 /* Build configuration list for PBXNativeTarget "LBTATwitterTutorial" */;
			buildPhases = (
				8F4AAC9B1EFE91EF0036A526 /* Sources */,
				8F4AAC9C1EFE91EF0036A526 /* Frameworks */,
				8F4AAC9D1EFE91EF0036A526 /* Resources */,
			);
			buildRules = (
			);
			dependencies = (
			);
			name = LBTATwitterTutorial;
			productName = LBTATwitterTutorial;
			productReference = 8F4AAC9F1EFE91EF0036A526 /* LBTATwitterTutorial.app */;
			productType = "com.apple.product-type.application";
		};
		8F4AACB21EFE91EF0036A526 /* LBTATwitterTutorialTests */ = {
			isa = PBXNativeTarget;
			buildConfigurationList = 8F4AACBF1EFE91EF0036A526 /* Build configuration list for PBXNativeTarget "LBTATwitterTutorialTests" */;
			buildPhases = (
				8F4AACAF1EFE91EF0036A526 /* Sources */,
				8F4AACB01EFE91EF0036A526 /* Frameworks */,
				8F4AACB11EFE91EF0036A526 /* Resources */,
			);
			buildRules = (
			);
			dependencies = (
				8F4AACB51EFE91EF0036A526 /* PBXTargetDependency */,
			);
			name = LBTATwitterTutorialTests;
			productName = LBTATwitterTutorialTests;
			productReference = 8F4AACB31EFE91EF0036A526 /* LBTATwitterTutorialTests.xctest */;
			productType = "com.apple.product-type.bundle.unit-test";
		};
/* End PBXNativeTarget section */

/* Begin PBXProject section */
		8F4AAC971EFE91EF0036A526 /* Project object */ = {
			isa = PBXProject;
			attributes = {
				LastSwiftUpdateCheck = 0830;
				LastUpgradeCheck = 0830;
				ORGANIZATIONNAME = "Kevin Quisquater";
				TargetAttributes = {
					8F4AAC9E1EFE91EF0036A526 = {
						CreatedOnToolsVersion = 8.3.3;
						DevelopmentTeam = DZRUU2Q993;
						ProvisioningStyle = Automatic;
					};
					8F4AACB21EFE91EF0036A526 = {
						CreatedOnToolsVersion = 8.3.3;
						DevelopmentTeam = DZRUU2Q993;
						ProvisioningStyle = Automatic;
						TestTargetID = 8F4AAC9E1EFE91EF0036A526;
					};
				};
			};
			buildConfigurationList = 8F4AAC9A1EFE91EF0036A526 /* Build configuration list for PBXProject "LBTATwitterTutorial" */;
			compatibilityVersion = "Xcode 3.2";
			developmentRegion = English;
			hasScannedForEncodings = 0;
			knownRegions = (
				en,
				Base,
			);
			mainGroup = 8F4AAC961EFE91EF0036A526;
			productRefGroup = 8F4AACA01EFE91EF0036A526 /* Products */;
			projectDirPath = "";
			projectRoot = "";
			targets = (
				8F4AAC9E1EFE91EF0036A526 /* LBTATwitterTutorial */,
				8F4AACB21EFE91EF0036A526 /* LBTATwitterTutorialTests */,
			);
		};
/* End PBXProject section */

/* Begin PBXResourcesBuildPhase section */
		8F4AAC9D1EFE91EF0036A526 /* Resources */ = {
			isa = PBXResourcesBuildPhase;
			buildActionMask = 2147483647;
			files = (
				8F4AACAD1EFE91EF0036A526 /* LaunchScreen.storyboard in Resources */,
				8F4AACAA1EFE91EF0036A526 /* Assets.xcassets in Resources */,
				8F4AACA81EFE91EF0036A526 /* Main.storyboard in Resources */,
			);
			runOnlyForDeploymentPostprocessing = 0;
		};
		8F4AACB11EFE91EF0036A526 /* Resources */ = {
			isa = PBXResourcesBuildPhase;
			buildActionMask = 2147483647;
			files = (
			);
			runOnlyForDeploymentPostprocessing = 0;
		};
/* End PBXResourcesBuildPhase section */

/* Begin PBXSourcesBuildPhase section */
		8F4AAC9B1EFE91EF0036A526 /* Sources */ = {
			isa = PBXSourcesBuildPhase;
			buildActionMask = 2147483647;
			files = (
				8F4AACC51EFE92F60036A526 /* README.md in Sources */,
				8F4AACA51EFE91EF0036A526 /* ViewController.swift in Sources */,
				8F4AACA31EFE91EF0036A526 /* AppDelegate.swift in Sources */,
			);
			runOnlyForDeploymentPostprocessing = 0;
		};
		8F4AACAF1EFE91EF0036A526 /* Sources */ = {
			isa = PBXSourcesBuildPhase;
			buildActionMask = 2147483647;
			files = (
				8F4AACB81EFE91EF0036A526 /* LBTATwitterTutorialTests.swift in Sources */,
			);
			runOnlyForDeploymentPostprocessing = 0;
		};
/* End PBXSourcesBuildPhase section */

/* Begin PBXTargetDependency section */
		8F4AACB51EFE91EF0036A526 /* PBXTargetDependency */ = {
			isa = PBXTargetDependency;
			target = 8F4AAC9E1EFE91EF0036A526 /* LBTATwitterTutorial */;
			targetProxy = 8F4AACB41EFE91EF0036A526 /* PBXContainerItemProxy */;
		};
/* End PBXTargetDependency section */

/* Begin PBXVariantGroup section */
		8F4AACA61EFE91EF0036A526 /* Main.storyboard */ = {
			isa = PBXVariantGroup;
			children = (
				8F4AACA71EFE91EF0036A526 /* Base */,
			);
			name = Main.storyboard;
			sourceTree = "<group>";
		};
		8F4AACAB1EFE91EF0036A526 /* LaunchScreen.storyboard */ = {
			isa = PBXVariantGroup;
			children = (
				8F4AACAC1EFE91EF0036A526 /* Base */,
			);
			name = LaunchScreen.storyboard;
			sourceTree = "<group>";
		};
/* End PBXVariantGroup section */

/* Begin XCBuildConfiguration section */
		8F4AACBA1EFE91EF0036A526 /* Debug */ = {
			isa = XCBuildConfiguration;
			buildSettings = {
				ALWAYS_SEARCH_USER_PATHS = NO;
				CLANG_ANALYZER_NONNULL = YES;
				CLANG_ANALYZER_NUMBER_OBJECT_CONVERSION = YES_AGGRESSIVE;
				CLANG_CXX_LANGUAGE_STANDARD = "gnu++0x";
				CLANG_CXX_LIBRARY = "libc++";
				CLANG_ENABLE_MODULES = YES;
				CLANG_ENABLE_OBJC_ARC = YES;
				CLANG_WARN_BOOL_CONVERSION = YES;
				CLANG_WARN_CONSTANT_CONVERSION = YES;
				CLANG_WARN_DIRECT_OBJC_ISA_USAGE = YES_ERROR;
				CLANG_WARN_DOCUMENTATION_COMMENTS = YES;
				CLANG_WARN_EMPTY_BODY = YES;
				CLANG_WARN_ENUM_CONVERSION = YES;
				CLANG_WARN_INFINITE_RECURSION = YES;
				CLANG_WARN_INT_CONVERSION = YES;
				CLANG_WARN_OBJC_ROOT_CLASS = YES_ERROR;
				CLANG_WARN_SUSPICIOUS_MOVE = YES;
				CLANG_WARN_UNREACHABLE_CODE = YES;
				CLANG_WARN__DUPLICATE_METHOD_MATCH = YES;
				"CODE_SIGN_IDENTITY[sdk=iphoneos*]" = "iPhone Developer";
				COPY_PHASE_STRIP = NO;
				DEBUG_INFORMATION_FORMAT = dwarf;
				ENABLE_STRICT_OBJC_MSGSEND = YES;
				ENABLE_TESTABILITY = YES;
				GCC_C_LANGUAGE_STANDARD = gnu99;
				GCC_DYNAMIC_NO_PIC = NO;
				GCC_NO_COMMON_BLOCKS = YES;
				GCC_OPTIMIZATION_LEVEL = 0;
				GCC_PREPROCESSOR_DEFINITIONS = (
					"DEBUG=1",
					"$(inherited)",
				);
				GCC_WARN_64_TO_32_BIT_CONVERSION = YES;
				GCC_WARN_ABOUT_RETURN_TYPE = YES_ERROR;
				GCC_WARN_UNDECLARED_SELECTOR = YES;
				GCC_WARN_UNINITIALIZED_AUTOS = YES_AGGRESSIVE;
				GCC_WARN_UNUSED_FUNCTION = YES;
				GCC_WARN_UNUSED_VARIABLE = YES;
				IPHONEOS_DEPLOYMENT_TARGET = 10.3;
				MTL_ENABLE_DEBUG_INFO = YES;
				ONLY_ACTIVE_ARCH = YES;
				SDKROOT = iphoneos;
				SWIFT_ACTIVE_COMPILATION_CONDITIONS = DEBUG;
				SWIFT_OPTIMIZATION_LEVEL = "-Onone";
			};
			name = Debug;
		};
		8F4AACBB1EFE91EF0036A526 /* Release */ = {
			isa = XCBuildConfiguration;
			buildSettings = {
				ALWAYS_SEARCH_USER_PATHS = NO;
				CLANG_ANALYZER_NONNULL = YES;
				CLANG_ANALYZER_NUMBER_OBJECT_CONVERSION = YES_AGGRESSIVE;
				CLANG_CXX_LANGUAGE_STANDARD = "gnu++0x";
				CLANG_CXX_LIBRARY = "libc++";
				CLANG_ENABLE_MODULES = YES;
				CLANG_ENABLE_OBJC_ARC = YES;
				CLANG_WARN_BOOL_CONVERSION = YES;
				CLANG_WARN_CONSTANT_CONVERSION = YES;
				CLANG_WARN_DIRECT_OBJC_ISA_USAGE = YES_ERROR;
				CLANG_WARN_DOCUMENTATION_COMMENTS = YES;
				CLANG_WARN_EMPTY_BODY = YES;
				CLANG_WARN_ENUM_CONVERSION = YES;
				CLANG_WARN_INFINITE_RECURSION = YES;
				CLANG_WARN_INT_CONVERSION = YES;
				CLANG_WARN_OBJC_ROOT_CLASS = YES_ERROR;
				CLANG_WARN_SUSPICIOUS_MOVE = YES;
				CLANG_WARN_UNREACHABLE_CODE = YES;
				CLANG_WARN__DUPLICATE_METHOD_MATCH = YES;
				"CODE_SIGN_IDENTITY[sdk=iphoneos*]" = "iPhone Developer";
				COPY_PHASE_STRIP = NO;
				DEBUG_INFORMATION_FORMAT = "dwarf-with-dsym";
				ENABLE_NS_ASSERTIONS = NO;
				ENABLE_STRICT_OBJC_MSGSEND = YES;
				GCC_C_LANGUAGE_STANDARD = gnu99;
				GCC_NO_COMMON_BLOCKS = YES;
				GCC_WARN_64_TO_32_BIT_CONVERSION = YES;
				GCC_WARN_ABOUT_RETURN_TYPE = YES_ERROR;
				GCC_WARN_UNDECLARED_SELECTOR = YES;
				GCC_WARN_UNINITIALIZED_AUTOS = YES_AGGRESSIVE;
				GCC_WARN_UNUSED_FUNCTION = YES;
				GCC_WARN_UNUSED_VARIABLE = YES;
				IPHONEOS_DEPLOYMENT_TARGET = 10.3;
				MTL_ENABLE_DEBUG_INFO = NO;
				SDKROOT = iphoneos;
				SWIFT_OPTIMIZATION_LEVEL = "-Owholemodule";
				VALIDATE_PRODUCT = YES;
			};
			name = Release;
		};
		8F4AACBD1EFE91EF0036A526 /* Debug */ = {
			isa = XCBuildConfiguration;
			buildSettings = {
				ASSETCATALOG_COMPILER_APPICON_NAME = AppIcon;
				DEVELOPMENT_TEAM = DZRUU2Q993;
				INFOPLIST_FILE = LBTATwitterTutorial/Info.plist;
				LD_RUNPATH_SEARCH_PATHS = "$(inherited) @executable_path/Frameworks";
				PRODUCT_BUNDLE_IDENTIFIER = com.kevinquisquater.LBTATwitterTutorial;
				PRODUCT_NAME = "$(TARGET_NAME)";
				SWIFT_VERSION = 3.0;
			};
			name = Debug;
		};
		8F4AACBE1EFE91EF0036A526 /* Release */ = {
			isa = XCBuildConfiguration;
			buildSettings = {
				ASSETCATALOG_COMPILER_APPICON_NAME = AppIcon;
				DEVELOPMENT_TEAM = DZRUU2Q993;
				INFOPLIST_FILE = LBTATwitterTutorial/Info.plist;
				LD_RUNPATH_SEARCH_PATHS = "$(inherited) @executable_path/Frameworks";
				PRODUCT_BUNDLE_IDENTIFIER = com.kevinquisquater.LBTATwitterTutorial;
				PRODUCT_NAME = "$(TARGET_NAME)";
				SWIFT_VERSION = 3.0;
			};
			name = Release;
		};
		8F4AACC01EFE91EF0036A526 /* Debug */ = {
			isa = XCBuildConfiguration;
			buildSettings = {
				ALWAYS_EMBED_SWIFT_STANDARD_LIBRARIES = YES;
				BUNDLE_LOADER = "$(TEST_HOST)";
				DEVELOPMENT_TEAM = DZRUU2Q993;
				INFOPLIST_FILE = LBTATwitterTutorialTests/Info.plist;
				LD_RUNPATH_SEARCH_PATHS = "$(inherited) @executable_path/Frameworks @loader_path/Frameworks";
				PRODUCT_BUNDLE_IDENTIFIER = com.kevinquisquater.LBTATwitterTutorialTests;
				PRODUCT_NAME = "$(TARGET_NAME)";
				SWIFT_VERSION = 3.0;
				TEST_HOST = "$(BUILT_PRODUCTS_DIR)/LBTATwitterTutorial.app/LBTATwitterTutorial";
			};
			name = Debug;
		};
		8F4AACC11EFE91EF0036A526 /* Release */ = {
			isa = XCBuildConfiguration;
			buildSettings = {
				ALWAYS_EMBED_SWIFT_STANDARD_LIBRARIES = YES;
				BUNDLE_LOADER = "$(TEST_HOST)";
				DEVELOPMENT_TEAM = DZRUU2Q993;
				INFOPLIST_FILE = LBTATwitterTutorialTests/Info.plist;
				LD_RUNPATH_SEARCH_PATHS = "$(inherited) @executable_path/Frameworks @loader_path/Frameworks";
				PRODUCT_BUNDLE_IDENTIFIER = com.kevinquisquater.LBTATwitterTutorialTests;
				PRODUCT_NAME = "$(TARGET_NAME)";
				SWIFT_VERSION = 3.0;
				TEST_HOST = "$(BUILT_PRODUCTS_DIR)/LBTATwitterTutorial.app/LBTATwitterTutorial";
			};
			name = Release;
		};
/* End XCBuildConfiguration section */

/* Begin XCConfigurationList section */
		8F4AAC9A1EFE91EF0036A526 /* Build configuration list for PBXProject "LBTATwitterTutorial" */ = {
			isa = XCConfigurationList;
			buildConfigurations = (
				8F4AACBA1EFE91EF0036A526 /* Debug */,
				8F4AACBB1EFE91EF0036A526 /* Release */,
			);
			defaultConfigurationIsVisible = 0;
			defaultConfigurationName = Release;
		};
		8F4AACBC1EFE91EF0036A526 /* Build configuration list for PBXNativeTarget "LBTATwitterTutorial" */ = {
			isa = XCConfigurationList;
			buildConfigurations = (
				8F4AACBD1EFE91EF0036A526 /* Debug */,
				8F4AACBE1EFE91EF0036A526 /* Release */,
			);
			defaultConfigurationIsVisible = 0;
		};
		8F4AACBF1EFE91EF0036A526 /* Build configuration list for PBXNativeTarget "LBTATwitterTutorialTests" */ = {
			isa = XCConfigurationList;
			buildConfigurations = (
				8F4AACC01EFE91EF0036A526 /* Debug */,
				8F4AACC11EFE91EF0036A526 /* Release */,
			);
			defaultConfigurationIsVisible = 0;
		};
/* End XCConfigurationList section */
	};
	rootObject = 8F4AAC971EFE91EF0036A526 /* Project object */;
}
