// !$*UTF8*$!
{
	archiveVersion = 1;
	classes = {
	};
	objectVersion = 46;
	objects = {

/* Begin PBXBuildFile section */
		8C7D26F5036B1F61E6A9E966 /* Pods_LBTATwitterTutorialTests.framework in Frameworks */ = {isa = PBXBuildFile; fileRef = 8829503CE2CACD928770382B /* Pods_LBTATwitterTutorialTests.framework */; };
		8F4AACA31EFE91EF0036A526 /* AppDelegate.swift in Sources */ = {isa = PBXBuildFile; fileRef = 8F4AACA21EFE91EF0036A526 /* AppDelegate.swift */; };
		8F4AACAA1EFE91EF0036A526 /* Assets.xcassets in Resources */ = {isa = PBXBuildFile; fileRef = 8F4AACA91EFE91EF0036A526 /* Assets.xcassets */; };
		8F4AACAD1EFE91EF0036A526 /* LaunchScreen.storyboard in Resources */ = {isa = PBXBuildFile; fileRef = 8F4AACAB1EFE91EF0036A526 /* LaunchScreen.storyboard */; };
		8F4AACB81EFE91EF0036A526 /* LBTATwitterTutorialTests.swift in Sources */ = {isa = PBXBuildFile; fileRef = 8F4AACB71EFE91EF0036A526 /* LBTATwitterTutorialTests.swift */; };
		8F4AACC51EFE92F60036A526 /* README.md in Sources */ = {isa = PBXBuildFile; fileRef = 8F4AACC41EFE92F60036A526 /* README.md */; };
		8F9996FD1EFEAE7100FFAF8E /* HomeController.swift in Sources */ = {isa = PBXBuildFile; fileRef = 8F9996FC1EFEAE7100FFAF8E /* HomeController.swift */; };
		8F9996FF1EFFA66300FFAF8E /* HomeDatasourceController.swift in Sources */ = {isa = PBXBuildFile; fileRef = 8F9996FE1EFFA66300FFAF8E /* HomeDatasourceController.swift */; };
		8F9997041EFFADED00FFAF8E /* Cells.swift in Sources */ = {isa = PBXBuildFile; fileRef = 8F9997031EFFADED00FFAF8E /* Cells.swift */; };
		8F9997061EFFAE1A00FFAF8E /* HomeDatasource.swift in Sources */ = {isa = PBXBuildFile; fileRef = 8F9997051EFFAE1A00FFAF8E /* HomeDatasource.swift */; };
		A9A3EDE89598A3096996F9FD /* Pods_LBTATwitterTutorial.framework in Frameworks */ = {isa = PBXBuildFile; fileRef = D4FC33596DB5356F54BF41B4 /* Pods_LBTATwitterTutorial.framework */; };
/* End PBXBuildFile section */

/* Begin PBXContainerItemProxy section */
		8F4AACB41EFE91EF0036A526 /* PBXContainerItemProxy */ = {
			isa = PBXContainerItemProxy;
			containerPortal = 8F4AAC971EFE91EF0036A526 /* Project object */;
			proxyType = 1;
			remoteGlobalIDString = 8F4AAC9E1EFE91EF0036A526;
			remoteInfo = LBTATwitterTutorial;
		};
/* End PBXContainerItemProxy section */

/* Begin PBXFileReference section */
		6F6B8C7FEBA5EEF8448D05FC /* Pods-LBTATwitterTutorial.release.xcconfig */ = {isa = PBXFileReference; includeInIndex = 1; lastKnownFileType = text.xcconfig; name = "Pods-LBTATwitterTutorial.release.xcconfig"; path = "Pods/Target Support Files/Pods-LBTATwitterTutorial/Pods-LBTATwitterTutorial.release.xcconfig"; sourceTree = "<group>"; };
		8829503CE2CACD928770382B /* Pods_LBTATwitterTutorialTests.framework */ = {isa = PBXFileReference; explicitFileType = wrapper.framework; includeInIndex = 0; path = Pods_LBTATwitterTutorialTests.framework; sourceTree = BUILT_PRODUCTS_DIR; };
		8F4AAC9F1EFE91EF0036A526 /* LBTATwitterTutorial.app */ = {isa = PBXFileReference; explicitFileType = wrapper.application; includeInIndex = 0; path = LBTATwitterTutorial.app; sourceTree = BUILT_PRODUCTS_DIR; };
		8F4AACA21EFE91EF0036A526 /* AppDelegate.swift */ = {isa = PBXFileReference; lastKnownFileType = sourcecode.swift; path = AppDelegate.swift; sourceTree = "<group>"; };
		8F4AACA91EFE91EF0036A526 /* Assets.xcassets */ = {isa = PBXFileReference; lastKnownFileType = folder.assetcatalog; path = Assets.xcassets; sourceTree = "<group>"; };
		8F4AACAC1EFE91EF0036A526 /* Base */ = {isa = PBXFileReference; lastKnownFileType = file.storyboard; name = Base; path = Base.lproj/LaunchScreen.storyboard; sourceTree = "<group>"; };
		8F4AACAE1EFE91EF0036A526 /* Info.plist */ = {isa = PBXFileReference; lastKnownFileType = text.plist.xml; path = Info.plist; sourceTree = "<group>"; };
		8F4AACB31EFE91EF0036A526 /* LBTATwitterTutorialTests.xctest */ = {isa = PBXFileReference; explicitFileType = wrapper.cfbundle; includeInIndex = 0; path = LBTATwitterTutorialTests.xctest; sourceTree = BUILT_PRODUCTS_DIR; };
		8F4AACB71EFE91EF0036A526 /* LBTATwitterTutorialTests.swift */ = {isa = PBXFileReference; lastKnownFileType = sourcecode.swift; path = LBTATwitterTutorialTests.swift; sourceTree = "<group>"; };
		8F4AACB91EFE91EF0036A526 /* Info.plist */ = {isa = PBXFileReference; lastKnownFileType = text.plist.xml; path = Info.plist; sourceTree = "<group>"; };
		8F4AACC41EFE92F60036A526 /* README.md */ = {isa = PBXFileReference; fileEncoding = 4; lastKnownFileType = net.daringfireball.markdown; path = README.md; sourceTree = "<group>"; };
		8F9996FC1EFEAE7100FFAF8E /* HomeController.swift */ = {isa = PBXFileReference; fileEncoding = 4; lastKnownFileType = sourcecode.swift; path = HomeController.swift; sourceTree = "<group>"; };
		8F9996FE1EFFA66300FFAF8E /* HomeDatasourceController.swift */ = {isa = PBXFileReference; fileEncoding = 4; lastKnownFileType = sourcecode.swift; path = HomeDatasourceController.swift; sourceTree = "<group>"; };
		8F9997031EFFADED00FFAF8E /* Cells.swift */ = {isa = PBXFileReference; fileEncoding = 4; lastKnownFileType = sourcecode.swift; path = Cells.swift; sourceTree = "<group>"; };
		8F9997051EFFAE1A00FFAF8E /* HomeDatasource.swift */ = {isa = PBXFileReference; fileEncoding = 4; lastKnownFileType = sourcecode.swift; path = HomeDatasource.swift; sourceTree = "<group>"; };
		D35493C72DFE1770E6E9C08E /* Pods-LBTATwitterTutorial.debug.xcconfig */ = {isa = PBXFileReference; includeInIndex = 1; lastKnownFileType = text.xcconfig; name = "Pods-LBTATwitterTutorial.debug.xcconfig"; path = "Pods/Target Support Files/Pods-LBTATwitterTutorial/Pods-LBTATwitterTutorial.debug.xcconfig"; sourceTree = "<group>"; };
		D4FC33596DB5356F54BF41B4 /* Pods_LBTATwitterTutorial.framework */ = {isa = PBXFileReference; explicitFileType = wrapper.framework; includeInIndex = 0; path = Pods_LBTATwitterTutorial.framework; sourceTree = BUILT_PRODUCTS_DIR; };
		EF33834015FB616CB86EB63C /* Pods-LBTATwitterTutorialTests.debug.xcconfig */ = {isa = PBXFileReference; includeInIndex = 1; lastKnownFileType = text.xcconfig; name = "Pods-LBTATwitterTutorialTests.debug.xcconfig"; path = "Pods/Target Support Files/Pods-LBTATwitterTutorialTests/Pods-LBTATwitterTutorialTests.debug.xcconfig"; sourceTree = "<group>"; };
		F0F4810521DBCC195FC731D1 /* Pods-LBTATwitterTutorialTests.release.xcconfig */ = {isa = PBXFileReference; includeInIndex = 1; lastKnownFileType = text.xcconfig; name = "Pods-LBTATwitterTutorialTests.release.xcconfig"; path = "Pods/Target Support Files/Pods-LBTATwitterTutorialTests/Pods-LBTATwitterTutorialTests.release.xcconfig"; sourceTree = "<group>"; };
/* End PBXFileReference section */

/* Begin PBXFrameworksBuildPhase section */
		8F4AAC9C1EFE91EF0036A526 /* Frameworks */ = {
			isa = PBXFrameworksBuildPhase;
			buildActionMask = 2147483647;
			files = (
				A9A3EDE89598A3096996F9FD /* Pods_LBTATwitterTutorial.framework in Frameworks */,
			);
			runOnlyForDeploymentPostprocessing = 0;
		};
		8F4AACB01EFE91EF0036A526 /* Frameworks */ = {
			isa = PBXFrameworksBuildPhase;
			buildActionMask = 2147483647;
			files = (
				8C7D26F5036B1F61E6A9E966 /* Pods_LBTATwitterTutorialTests.framework in Frameworks */,
			);
			runOnlyForDeploymentPostprocessing = 0;
		};
/* End PBXFrameworksBuildPhase section */

/* Begin PBXGroup section */
		8F4AAC961EFE91EF0036A526 = {
			isa = PBXGroup;
			children = (
				8F4AACC41EFE92F60036A526 /* README.md */,
				8F4AACA11EFE91EF0036A526 /* LBTATwitterTutorial */,
				8F4AACB61EFE91EF0036A526 /* LBTATwitterTutorialTests */,
				8F4AACA01EFE91EF0036A526 /* Products */,
				D3B8154490CCD519FA6BCBBA /* Pods */,
				E151CAB084D47AC1EB520A6D /* Frameworks */,
			);
			sourceTree = "<group>";
		};
		8F4AACA01EFE91EF0036A526 /* Products */ = {
			isa = PBXGroup;
			children = (
				8F4AAC9F1EFE91EF0036A526 /* LBTATwitterTutorial.app */,
				8F4AACB31EFE91EF0036A526 /* LBTATwitterTutorialTests.xctest */,
			);
			name = Products;
			sourceTree = "<group>";
		};
		8F4AACA11EFE91EF0036A526 /* LBTATwitterTutorial */ = {
			isa = PBXGroup;
			children = (
				8F9997011EFFADD400FFAF8E /* Model */,
				8F9997021EFFADD800FFAF8E /* View */,
				8F9997001EFFADCD00FFAF8E /* Controller */,
				8F4AACA21EFE91EF0036A526 /* AppDelegate.swift */,
				8F9996FC1EFEAE7100FFAF8E /* HomeController.swift */,
				8F4AACA91EFE91EF0036A526 /* Assets.xcassets */,
				8F4AACAB1EFE91EF0036A526 /* LaunchScreen.storyboard */,
				8F4AACAE1EFE91EF0036A526 /* Info.plist */,
			);
			path = LBTATwitterTutorial;
			sourceTree = "<group>";
		};
		8F4AACB61EFE91EF0036A526 /* LBTATwitterTutorialTests */ = {
			isa = PBXGroup;
			children = (
				8F4AACB71EFE91EF0036A526 /* LBTATwitterTutorialTests.swift */,
				8F4AACB91EFE91EF0036A526 /* Info.plist */,
			);
			path = LBTATwitterTutorialTests;
			sourceTree = "<group>";
		};
		8F9997001EFFADCD00FFAF8E /* Controller */ = {
			isa = PBXGroup;
			children = (
				8F9996FE1EFFA66300FFAF8E /* HomeDatasourceController.swift */,
			);
			name = Controller;
			sourceTree = "<group>";
		};
		8F9997011EFFADD400FFAF8E /* Model */ = {
			isa = PBXGroup;
			children = (
				8F9997051EFFAE1A00FFAF8E /* HomeDatasource.swift */,
			);
			name = Model;
			sourceTree = "<group>";
		};
		8F9997021EFFADD800FFAF8E /* View */ = {
			isa = PBXGroup;
			children = (
				8F9997031EFFADED00FFAF8E /* Cells.swift */,
			);
			name = View;
			sourceTree = "<group>";
		};
		D3B8154490CCD519FA6BCBBA /* Pods */ = {
			isa = PBXGroup;
			children = (
				D35493C72DFE1770E6E9C08E /* Pods-LBTATwitterTutorial.debug.xcconfig */,
				6F6B8C7FEBA5EEF8448D05FC /* Pods-LBTATwitterTutorial.release.xcconfig */,
				EF33834015FB616CB86EB63C /* Pods-LBTATwitterTutorialTests.debug.xcconfig */,
				F0F4810521DBCC195FC731D1 /* Pods-LBTATwitterTutorialTests.release.xcconfig */,
			);
			name = Pods;
			sourceTree = "<group>";
		};
		E151CAB084D47AC1EB520A6D /* Frameworks */ = {
			isa = PBXGroup;
			children = (
				D4FC33596DB5356F54BF41B4 /* Pods_LBTATwitterTutorial.framework */,
				8829503CE2CACD928770382B /* Pods_LBTATwitterTutorialTests.framework */,
			);
			name = Frameworks;
			sourceTree = "<group>";
		};
/* End PBXGroup section */

/* Begin PBXNativeTarget section */
		8F4AAC9E1EFE91EF0036A526 /* LBTATwitterTutorial */ = {
			isa = PBXNativeTarget;
			buildConfigurationList = 8F4AACBC1EFE91EF0036A526 /* Build configuration list for PBXNativeTarget "LBTATwitterTutorial" */;
			buildPhases = (
				FCA0A2D28BB966C3FB80F237 /* [CP] Check Pods Manifest.lock */,
				8F4AAC9B1EFE91EF0036A526 /* Sources */,
				8F4AAC9C1EFE91EF0036A526 /* Frameworks */,
				8F4AAC9D1EFE91EF0036A526 /* Resources */,
				9C7FF6F260052994A48BD223 /* [CP] Embed Pods Frameworks */,
				04ABB74EA1DF541E85F9677F /* [CP] Copy Pods Resources */,
			);
			buildRules = (
			);
			dependencies = (
			);
			name = LBTATwitterTutorial;
			productName = LBTATwitterTutorial;
			productReference = 8F4AAC9F1EFE91EF0036A526 /* LBTATwitterTutorial.app */;
			productType = "com.apple.product-type.application";
		};
		8F4AACB21EFE91EF0036A526 /* LBTATwitterTutorialTests */ = {
			isa = PBXNativeTarget;
			buildConfigurationList = 8F4AACBF1EFE91EF0036A526 /* Build configuration list for PBXNativeTarget "LBTATwitterTutorialTests" */;
			buildPhases = (
				3D911F6D2F631360701B5997 /* [CP] Check Pods Manifest.lock */,
				8F4AACAF1EFE91EF0036A526 /* Sources */,
				8F4AACB01EFE91EF0036A526 /* Frameworks */,
				8F4AACB11EFE91EF0036A526 /* Resources */,
				59A1BEFB472E783E6FE86DD5 /* [CP] Embed Pods Frameworks */,
				EC3B799637F233195052C230 /* [CP] Copy Pods Resources */,
			);
			buildRules = (
			);
			dependencies = (
				8F4AACB51EFE91EF0036A526 /* PBXTargetDependency */,
			);
			name = LBTATwitterTutorialTests;
			productName = LBTATwitterTutorialTests;
			productReference = 8F4AACB31EFE91EF0036A526 /* LBTATwitterTutorialTests.xctest */;
			productType = "com.apple.product-type.bundle.unit-test";
		};
/* End PBXNativeTarget section */

/* Begin PBXProject section */
		8F4AAC971EFE91EF0036A526 /* Project object */ = {
			isa = PBXProject;
			attributes = {
				LastSwiftUpdateCheck = 0830;
				LastUpgradeCheck = 0830;
				ORGANIZATIONNAME = "Kevin Quisquater";
				TargetAttributes = {
					8F4AAC9E1EFE91EF0036A526 = {
						CreatedOnToolsVersion = 8.3.3;
						DevelopmentTeam = DZRUU2Q993;
						ProvisioningStyle = Automatic;
					};
					8F4AACB21EFE91EF0036A526 = {
						CreatedOnToolsVersion = 8.3.3;
						DevelopmentTeam = DZRUU2Q993;
						ProvisioningStyle = Automatic;
						TestTargetID = 8F4AAC9E1EFE91EF0036A526;
					};
				};
			};
			buildConfigurationList = 8F4AAC9A1EFE91EF0036A526 /* Build configuration list for PBXProject "LBTATwitterTutorial" */;
			compatibilityVersion = "Xcode 3.2";
			developmentRegion = English;
			hasScannedForEncodings = 0;
			knownRegions = (
				en,
				Base,
			);
			mainGroup = 8F4AAC961EFE91EF0036A526;
			productRefGroup = 8F4AACA01EFE91EF0036A526 /* Products */;
			projectDirPath = "";
			projectRoot = "";
			targets = (
				8F4AAC9E1EFE91EF0036A526 /* LBTATwitterTutorial */,
				8F4AACB21EFE91EF0036A526 /* LBTATwitterTutorialTests */,
			);
		};
/* End PBXProject section */

/* Begin PBXResourcesBuildPhase section */
		8F4AAC9D1EFE91EF0036A526 /* Resources */ = {
			isa = PBXResourcesBuildPhase;
			buildActionMask = 2147483647;
			files = (
				8F4AACAD1EFE91EF0036A526 /* LaunchScreen.storyboard in Resources */,
				8F4AACAA1EFE91EF0036A526 /* Assets.xcassets in Resources */,
			);
			runOnlyForDeploymentPostprocessing = 0;
		};
		8F4AACB11EFE91EF0036A526 /* Resources */ = {
			isa = PBXResourcesBuildPhase;
			buildActionMask = 2147483647;
			files = (
			);
			runOnlyForDeploymentPostprocessing = 0;
		};
/* End PBXResourcesBuildPhase section */

/* Begin PBXShellScriptBuildPhase section */
		04ABB74EA1DF541E85F9677F /* [CP] Copy Pods Resources */ = {
			isa = PBXShellScriptBuildPhase;
			buildActionMask = 2147483647;
			files = (
			);
			inputPaths = (
			);
			name = "[CP] Copy Pods Resources";
			outputPaths = (
			);
			runOnlyForDeploymentPostprocessing = 0;
			shellPath = /bin/sh;
			shellScript = "\"${SRCROOT}/Pods/Target Support Files/Pods-LBTATwitterTutorial/Pods-LBTATwitterTutorial-resources.sh\"\n";
			showEnvVarsInLog = 0;
		};
		3D911F6D2F631360701B5997 /* [CP] Check Pods Manifest.lock */ = {
			isa = PBXShellScriptBuildPhase;
			buildActionMask = 2147483647;
			files = (
			);
			inputPaths = (
			);
			name = "[CP] Check Pods Manifest.lock";
			outputPaths = (
			);
			runOnlyForDeploymentPostprocessing = 0;
			shellPath = /bin/sh;
			shellScript = "diff \"${PODS_PODFILE_DIR_PATH}/Podfile.lock\" \"${PODS_ROOT}/Manifest.lock\" > /dev/null\nif [ $? != 0 ] ; then\n    # print error to STDERR\n    echo \"error: The sandbox is not in sync with the Podfile.lock. Run 'pod install' or update your CocoaPods installation.\" >&2\n    exit 1\nfi\n";
			showEnvVarsInLog = 0;
		};
		59A1BEFB472E783E6FE86DD5 /* [CP] Embed Pods Frameworks */ = {
			isa = PBXShellScriptBuildPhase;
			buildActionMask = 2147483647;
			files = (
			);
			inputPaths = (
			);
			name = "[CP] Embed Pods Frameworks";
			outputPaths = (
			);
			runOnlyForDeploymentPostprocessing = 0;
			shellPath = /bin/sh;
			shellScript = "\"${SRCROOT}/Pods/Target Support Files/Pods-LBTATwitterTutorialTests/Pods-LBTATwitterTutorialTests-frameworks.sh\"\n";
			showEnvVarsInLog = 0;
		};
		9C7FF6F260052994A48BD223 /* [CP] Embed Pods Frameworks */ = {
			isa = PBXShellScriptBuildPhase;
			buildActionMask = 2147483647;
			files = (
			);
			inputPaths = (
			);
			name = "[CP] Embed Pods Frameworks";
			outputPaths = (
			);
			runOnlyForDeploymentPostprocessing = 0;
			shellPath = /bin/sh;
			shellScript = "\"${SRCROOT}/Pods/Target Support Files/Pods-LBTATwitterTutorial/Pods-LBTATwitterTutorial-frameworks.sh\"\n";
			showEnvVarsInLog = 0;
		};
		EC3B799637F233195052C230 /* [CP] Copy Pods Resources */ = {
			isa = PBXShellScriptBuildPhase;
			buildActionMask = 2147483647;
			files = (
			);
			inputPaths = (
			);
			name = "[CP] Copy Pods Resources";
			outputPaths = (
			);
			runOnlyForDeploymentPostprocessing = 0;
			shellPath = /bin/sh;
			shellScript = "\"${SRCROOT}/Pods/Target Support Files/Pods-LBTATwitterTutorialTests/Pods-LBTATwitterTutorialTests-resources.sh\"\n";
			showEnvVarsInLog = 0;
		};
		FCA0A2D28BB966C3FB80F237 /* [CP] Check Pods Manifest.lock */ = {
			isa = PBXShellScriptBuildPhase;
			buildActionMask = 2147483647;
			files = (
			);
			inputPaths = (
			);
			name = "[CP] Check Pods Manifest.lock";
			outputPaths = (
			);
			runOnlyForDeploymentPostprocessing = 0;
			shellPath = /bin/sh;
			shellScript = "diff \"${PODS_PODFILE_DIR_PATH}/Podfile.lock\" \"${PODS_ROOT}/Manifest.lock\" > /dev/null\nif [ $? != 0 ] ; then\n    # print error to STDERR\n    echo \"error: The sandbox is not in sync with the Podfile.lock. Run 'pod install' or update your CocoaPods installation.\" >&2\n    exit 1\nfi\n";
			showEnvVarsInLog = 0;
		};
/* End PBXShellScriptBuildPhase section */

/* Begin PBXSourcesBuildPhase section */
		8F4AAC9B1EFE91EF0036A526 /* Sources */ = {
			isa = PBXSourcesBuildPhase;
			buildActionMask = 2147483647;
			files = (
				8F9996FD1EFEAE7100FFAF8E /* HomeController.swift in Sources */,
				8F9996FF1EFFA66300FFAF8E /* HomeDatasourceController.swift in Sources */,
				8F4AACC51EFE92F60036A526 /* README.md in Sources */,
				8F9997061EFFAE1A00FFAF8E /* HomeDatasource.swift in Sources */,
				8F4AACA31EFE91EF0036A526 /* AppDelegate.swift in Sources */,
				8F9997041EFFADED00FFAF8E /* Cells.swift in Sources */,
			);
			runOnlyForDeploymentPostprocessing = 0;
		};
		8F4AACAF1EFE91EF0036A526 /* Sources */ = {
			isa = PBXSourcesBuildPhase;
			buildActionMask = 2147483647;
			files = (
				8F4AACB81EFE91EF0036A526 /* LBTATwitterTutorialTests.swift in Sources */,
			);
			runOnlyForDeploymentPostprocessing = 0;
		};
/* End PBXSourcesBuildPhase section */

/* Begin PBXTargetDependency section */
		8F4AACB51EFE91EF0036A526 /* PBXTargetDependency */ = {
			isa = PBXTargetDependency;
			target = 8F4AAC9E1EFE91EF0036A526 /* LBTATwitterTutorial */;
			targetProxy = 8F4AACB41EFE91EF0036A526 /* PBXContainerItemProxy */;
		};
/* End PBXTargetDependency section */

/* Begin PBXVariantGroup section */
		8F4AACAB1EFE91EF0036A526 /* LaunchScreen.storyboard */ = {
			isa = PBXVariantGroup;
			children = (
				8F4AACAC1EFE91EF0036A526 /* Base */,
			);
			name = LaunchScreen.storyboard;
			sourceTree = "<group>";
		};
/* End PBXVariantGroup section */

/* Begin XCBuildConfiguration section */
		8F4AACBA1EFE91EF0036A526 /* Debug */ = {
			isa = XCBuildConfiguration;
			buildSettings = {
				ALWAYS_SEARCH_USER_PATHS = NO;
				CLANG_ANALYZER_NONNULL = YES;
				CLANG_ANALYZER_NUMBER_OBJECT_CONVERSION = YES_AGGRESSIVE;
				CLANG_CXX_LANGUAGE_STANDARD = "gnu++0x";
				CLANG_CXX_LIBRARY = "libc++";
				CLANG_ENABLE_MODULES = YES;
				CLANG_ENABLE_OBJC_ARC = YES;
				CLANG_WARN_BOOL_CONVERSION = YES;
				CLANG_WARN_CONSTANT_CONVERSION = YES;
				CLANG_WARN_DIRECT_OBJC_ISA_USAGE = YES_ERROR;
				CLANG_WARN_DOCUMENTATION_COMMENTS = YES;
				CLANG_WARN_EMPTY_BODY = YES;
				CLANG_WARN_ENUM_CONVERSION = YES;
				CLANG_WARN_INFINITE_RECURSION = YES;
				CLANG_WARN_INT_CONVERSION = YES;
				CLANG_WARN_OBJC_ROOT_CLASS = YES_ERROR;
				CLANG_WARN_SUSPICIOUS_MOVE = YES;
				CLANG_WARN_UNREACHABLE_CODE = YES;
				CLANG_WARN__DUPLICATE_METHOD_MATCH = YES;
				"CODE_SIGN_IDENTITY[sdk=iphoneos*]" = "iPhone Developer";
				COPY_PHASE_STRIP = NO;
				DEBUG_INFORMATION_FORMAT = dwarf;
				ENABLE_STRICT_OBJC_MSGSEND = YES;
				ENABLE_TESTABILITY = YES;
				GCC_C_LANGUAGE_STANDARD = gnu99;
				GCC_DYNAMIC_NO_PIC = NO;
				GCC_NO_COMMON_BLOCKS = YES;
				GCC_OPTIMIZATION_LEVEL = 0;
				GCC_PREPROCESSOR_DEFINITIONS = (
					"DEBUG=1",
					"$(inherited)",
				);
				GCC_WARN_64_TO_32_BIT_CONVERSION = YES;
				GCC_WARN_ABOUT_RETURN_TYPE = YES_ERROR;
				GCC_WARN_UNDECLARED_SELECTOR = YES;
				GCC_WARN_UNINITIALIZED_AUTOS = YES_AGGRESSIVE;
				GCC_WARN_UNUSED_FUNCTION = YES;
				GCC_WARN_UNUSED_VARIABLE = YES;
				IPHONEOS_DEPLOYMENT_TARGET = 10.3;
				MTL_ENABLE_DEBUG_INFO = YES;
				ONLY_ACTIVE_ARCH = YES;
				SDKROOT = iphoneos;
				SWIFT_ACTIVE_COMPILATION_CONDITIONS = DEBUG;
				SWIFT_OPTIMIZATION_LEVEL = "-Onone";
			};
			name = Debug;
		};
		8F4AACBB1EFE91EF0036A526 /* Release */ = {
			isa = XCBuildConfiguration;
			buildSettings = {
				ALWAYS_SEARCH_USER_PATHS = NO;
				CLANG_ANALYZER_NONNULL = YES;
				CLANG_ANALYZER_NUMBER_OBJECT_CONVERSION = YES_AGGRESSIVE;
				CLANG_CXX_LANGUAGE_STANDARD = "gnu++0x";
				CLANG_CXX_LIBRARY = "libc++";
				CLANG_ENABLE_MODULES = YES;
				CLANG_ENABLE_OBJC_ARC = YES;
				CLANG_WARN_BOOL_CONVERSION = YES;
				CLANG_WARN_CONSTANT_CONVERSION = YES;
				CLANG_WARN_DIRECT_OBJC_ISA_USAGE = YES_ERROR;
				CLANG_WARN_DOCUMENTATION_COMMENTS = YES;
				CLANG_WARN_EMPTY_BODY = YES;
				CLANG_WARN_ENUM_CONVERSION = YES;
				CLANG_WARN_INFINITE_RECURSION = YES;
				CLANG_WARN_INT_CONVERSION = YES;
				CLANG_WARN_OBJC_ROOT_CLASS = YES_ERROR;
				CLANG_WARN_SUSPICIOUS_MOVE = YES;
				CLANG_WARN_UNREACHABLE_CODE = YES;
				CLANG_WARN__DUPLICATE_METHOD_MATCH = YES;
				"CODE_SIGN_IDENTITY[sdk=iphoneos*]" = "iPhone Developer";
				COPY_PHASE_STRIP = NO;
				DEBUG_INFORMATION_FORMAT = "dwarf-with-dsym";
				ENABLE_NS_ASSERTIONS = NO;
				ENABLE_STRICT_OBJC_MSGSEND = YES;
				GCC_C_LANGUAGE_STANDARD = gnu99;
				GCC_NO_COMMON_BLOCKS = YES;
				GCC_WARN_64_TO_32_BIT_CONVERSION = YES;
				GCC_WARN_ABOUT_RETURN_TYPE = YES_ERROR;
				GCC_WARN_UNDECLARED_SELECTOR = YES;
				GCC_WARN_UNINITIALIZED_AUTOS = YES_AGGRESSIVE;
				GCC_WARN_UNUSED_FUNCTION = YES;
				GCC_WARN_UNUSED_VARIABLE = YES;
				IPHONEOS_DEPLOYMENT_TARGET = 10.3;
				MTL_ENABLE_DEBUG_INFO = NO;
				SDKROOT = iphoneos;
				SWIFT_OPTIMIZATION_LEVEL = "-Owholemodule";
				VALIDATE_PRODUCT = YES;
			};
			name = Release;
		};
		8F4AACBD1EFE91EF0036A526 /* Debug */ = {
			isa = XCBuildConfiguration;
			baseConfigurationReference = D35493C72DFE1770E6E9C08E /* Pods-LBTATwitterTutorial.debug.xcconfig */;
			buildSettings = {
				ASSETCATALOG_COMPILER_APPICON_NAME = AppIcon;
				DEVELOPMENT_TEAM = DZRUU2Q993;
				INFOPLIST_FILE = LBTATwitterTutorial/Info.plist;
				LD_RUNPATH_SEARCH_PATHS = "$(inherited) @executable_path/Frameworks";
				PRODUCT_BUNDLE_IDENTIFIER = com.kevinquisquater.LBTATwitterTutorial;
				PRODUCT_NAME = "$(TARGET_NAME)";
				SWIFT_VERSION = 3.0;
			};
			name = Debug;
		};
		8F4AACBE1EFE91EF0036A526 /* Release */ = {
			isa = XCBuildConfiguration;
			baseConfigurationReference = 6F6B8C7FEBA5EEF8448D05FC /* Pods-LBTATwitterTutorial.release.xcconfig */;
			buildSettings = {
				ASSETCATALOG_COMPILER_APPICON_NAME = AppIcon;
				DEVELOPMENT_TEAM = DZRUU2Q993;
				INFOPLIST_FILE = LBTATwitterTutorial/Info.plist;
				LD_RUNPATH_SEARCH_PATHS = "$(inherited) @executable_path/Frameworks";
				PRODUCT_BUNDLE_IDENTIFIER = com.kevinquisquater.LBTATwitterTutorial;
				PRODUCT_NAME = "$(TARGET_NAME)";
				SWIFT_VERSION = 3.0;
			};
			name = Release;
		};
		8F4AACC01EFE91EF0036A526 /* Debug */ = {
			isa = XCBuildConfiguration;
			baseConfigurationReference = EF33834015FB616CB86EB63C /* Pods-LBTATwitterTutorialTests.debug.xcconfig */;
			buildSettings = {
				ALWAYS_EMBED_SWIFT_STANDARD_LIBRARIES = YES;
				BUNDLE_LOADER = "$(TEST_HOST)";
				DEVELOPMENT_TEAM = DZRUU2Q993;
				INFOPLIST_FILE = LBTATwitterTutorialTests/Info.plist;
				LD_RUNPATH_SEARCH_PATHS = "$(inherited) @executable_path/Frameworks @loader_path/Frameworks";
				PRODUCT_BUNDLE_IDENTIFIER = com.kevinquisquater.LBTATwitterTutorialTests;
				PRODUCT_NAME = "$(TARGET_NAME)";
				SWIFT_VERSION = 3.0;
				TEST_HOST = "$(BUILT_PRODUCTS_DIR)/LBTATwitterTutorial.app/LBTATwitterTutorial";
			};
			name = Debug;
		};
		8F4AACC11EFE91EF0036A526 /* Release */ = {
			isa = XCBuildConfiguration;
			baseConfigurationReference = F0F4810521DBCC195FC731D1 /* Pods-LBTATwitterTutorialTests.release.xcconfig */;
			buildSettings = {
				ALWAYS_EMBED_SWIFT_STANDARD_LIBRARIES = YES;
				BUNDLE_LOADER = "$(TEST_HOST)";
				DEVELOPMENT_TEAM = DZRUU2Q993;
				INFOPLIST_FILE = LBTATwitterTutorialTests/Info.plist;
				LD_RUNPATH_SEARCH_PATHS = "$(inherited) @executable_path/Frameworks @loader_path/Frameworks";
				PRODUCT_BUNDLE_IDENTIFIER = com.kevinquisquater.LBTATwitterTutorialTests;
				PRODUCT_NAME = "$(TARGET_NAME)";
				SWIFT_VERSION = 3.0;
				TEST_HOST = "$(BUILT_PRODUCTS_DIR)/LBTATwitterTutorial.app/LBTATwitterTutorial";
			};
			name = Release;
		};
/* End XCBuildConfiguration section */

/* Begin XCConfigurationList section */
		8F4AAC9A1EFE91EF0036A526 /* Build configuration list for PBXProject "LBTATwitterTutorial" */ = {
			isa = XCConfigurationList;
			buildConfigurations = (
				8F4AACBA1EFE91EF0036A526 /* Debug */,
				8F4AACBB1EFE91EF0036A526 /* Release */,
			);
			defaultConfigurationIsVisible = 0;
			defaultConfigurationName = Release;
		};
		8F4AACBC1EFE91EF0036A526 /* Build configuration list for PBXNativeTarget "LBTATwitterTutorial" */ = {
			isa = XCConfigurationList;
			buildConfigurations = (
				8F4AACBD1EFE91EF0036A526 /* Debug */,
				8F4AACBE1EFE91EF0036A526 /* Release */,
			);
			defaultConfigurationIsVisible = 0;
			defaultConfigurationName = Release;
		};
		8F4AACBF1EFE91EF0036A526 /* Build configuration list for PBXNativeTarget "LBTATwitterTutorialTests" */ = {
			isa = XCConfigurationList;
			buildConfigurations = (
				8F4AACC01EFE91EF0036A526 /* Debug */,
				8F4AACC11EFE91EF0036A526 /* Release */,
			);
			defaultConfigurationIsVisible = 0;
			defaultConfigurationName = Release;
		};
/* End XCConfigurationList section */
	};
	rootObject = 8F4AAC971EFE91EF0036A526 /* Project object */;
}
